
Microsoft Visual Studio Solution File, Format Version 12.00
# Visual Studio 15
VisualStudioVersion = 15.0.27428.2011
MinimumVisualStudioVersion = 10.0.40219.1
Project("{FAE04EC0-301F-11D3-BF4B-00C04F79EFBC}") = "NewBellSchedule", "NewBellSchedule\NewBellSchedule.csproj", "{FC09F0D3-491F-48DB-AAE8-501639543D27}"
EndProject
Global
	GlobalSection(SolutionConfigurationPlatforms) = preSolution
		Debug|Any CPU = Debug|Any CPU
		Release|Any CPU = Release|Any CPU
	EndGlobalSection
	GlobalSection(ProjectConfigurationPlatforms) = postSolution
		{FC09F0D3-491F-48DB-AAE8-501639543D27}.Debug|Any CPU.ActiveCfg = Debug|Any CPU
		{FC09F0D3-491F-48DB-AAE8-501639543D27}.Debug|Any CPU.Build.0 = Debug|Any CPU
		{FC09F0D3-491F-48DB-AAE8-501639543D27}.Release|Any CPU.ActiveCfg = Release|Any CPU
		{FC09F0D3-491F-48DB-AAE8-501639543D27}.Release|Any CPU.Build.0 = Release|Any CPU
	EndGlobalSection
	GlobalSection(SolutionProperties) = preSolution
		HideSolutionNode = FALSE
	EndGlobalSection
	GlobalSection(ExtensibilityGlobals) = postSolution
		SolutionGuid = {11C829CC-0678-4C0A-814A-FC8B9206082D}
	EndGlobalSection
EndGlobal
